
Microsoft Visual Studio Solution File, Format Version 12.00
# Visual Studio Version 17
VisualStudioVersion = 17.7.34221.43
MinimumVisualStudioVersion = 10.0.40219.1
Project("{FAE04EC0-301F-11D3-BF4B-00C04F79EFBC}") = "ShapesLibrary", "ShapesLibrary\ShapesLibrary.csproj", "{58409F10-37C3-40AE-831D-1FDA2AC9259A}"
EndProject
Global
	GlobalSection(SolutionConfigurationPlatforms) = preSolution
		Debug|Any CPU = Debug|Any CPU
		Release|Any CPU = Release|Any CPU
	EndGlobalSection
	GlobalSection(ProjectConfigurationPlatforms) = postSolution
		{58409F10-37C3-40AE-831D-1FDA2AC9259A}.Debug|Any CPU.ActiveCfg = Debug|Any CPU
		{58409F10-37C3-40AE-831D-1FDA2AC9259A}.Debug|Any CPU.Build.0 = Debug|Any CPU
		{58409F10-37C3-40AE-831D-1FDA2AC9259A}.Release|Any CPU.ActiveCfg = Release|Any CPU
		{58409F10-37C3-40AE-831D-1FDA2AC9259A}.Release|Any CPU.Build.0 = Release|Any CPU
	EndGlobalSection
	GlobalSection(SolutionProperties) = preSolution
		HideSolutionNode = FALSE
	EndGlobalSection
	GlobalSection(ExtensibilityGlobals) = postSolution
		SolutionGuid = {FCD3AB94-0078-4F15-A00A-9CBF7AF84E0A}
	EndGlobalSection
EndGlobal
